
Microsoft Visual Studio Solution File, Format Version 12.00
# Visual Studio Version 16
VisualStudioVersion = 16.0.30523.141
MinimumVisualStudioVersion = 10.0.40219.1
Project("{FAE04EC0-301F-11D3-BF4B-00C04F79EFBC}") = "RockBotPanel", "RockBotPanel\RockBotPanel.csproj", "{56941834-16A4-4CA4-8CC4-237B4E3718EE}"
EndProject
Global
	GlobalSection(SolutionConfigurationPlatforms) = preSolution
		Debug|Any CPU = Debug|Any CPU
		Release|Any CPU = Release|Any CPU
	EndGlobalSection
	GlobalSection(ProjectConfigurationPlatforms) = postSolution
		{56941834-16A4-4CA4-8CC4-237B4E3718EE}.Debug|Any CPU.ActiveCfg = Debug|Any CPU
		{56941834-16A4-4CA4-8CC4-237B4E3718EE}.Debug|Any CPU.Build.0 = Debug|Any CPU
		{56941834-16A4-4CA4-8CC4-237B4E3718EE}.Release|Any CPU.ActiveCfg = Release|Any CPU
		{56941834-16A4-4CA4-8CC4-237B4E3718EE}.Release|Any CPU.Build.0 = Release|Any CPU
	EndGlobalSection
	GlobalSection(SolutionProperties) = preSolution
		HideSolutionNode = FALSE
	EndGlobalSection
	GlobalSection(ExtensibilityGlobals) = postSolution
		SolutionGuid = {01161EFB-67EA-4CB3-912C-60A8AB5C2FBE}
	EndGlobalSection
EndGlobal
